
Microsoft Visual Studio Solution File, Format Version 12.00
# Visual Studio 14
VisualStudioVersion = 14.0.25420.1
MinimumVisualStudioVersion = 10.0.40219.1
Project("{FAE04EC0-301F-11D3-BF4B-00C04F79EFBC}") = "PPMApp.Portable", "PPMApp\Portable\PPMApp.Portable.csproj", "{8CBB691F-7078-4420-94D6-D739F95E01AA}"
EndProject
Project("{FAE04EC0-301F-11D3-BF4B-00C04F79EFBC}") = "PPMApp.Android", "PPMApp\Android\PPMApp.Android.csproj", "{8115A9C7-D47C-4283-8F95-479A9E658F56}"
EndProject
Project("{FAE04EC0-301F-11D3-BF4B-00C04F79EFBC}") = "PPMApp.iOS", "PPMApp\iOS\PPMApp.iOS.csproj", "{837E3DC0-3E44-434B-8C37-2B7B2675820B}"
EndProject
Global
	GlobalSection(SolutionConfigurationPlatforms) = preSolution
		Ad-Hoc|Any CPU = Ad-Hoc|Any CPU
		Ad-Hoc|ARM = Ad-Hoc|ARM
		Ad-Hoc|iPhone = Ad-Hoc|iPhone
		Ad-Hoc|iPhoneSimulator = Ad-Hoc|iPhoneSimulator
		Ad-Hoc|x64 = Ad-Hoc|x64
		Ad-Hoc|x86 = Ad-Hoc|x86
		AppStore|Any CPU = AppStore|Any CPU
		AppStore|ARM = AppStore|ARM
		AppStore|iPhone = AppStore|iPhone
		AppStore|iPhoneSimulator = AppStore|iPhoneSimulator
		AppStore|x64 = AppStore|x64
		AppStore|x86 = AppStore|x86
		Debug|Any CPU = Debug|Any CPU
		Debug|ARM = Debug|ARM
		Debug|iPhone = Debug|iPhone
		Debug|iPhoneSimulator = Debug|iPhoneSimulator
		Debug|x64 = Debug|x64
		Debug|x86 = Debug|x86
		Release|Any CPU = Release|Any CPU
		Release|ARM = Release|ARM
		Release|iPhone = Release|iPhone
		Release|iPhoneSimulator = Release|iPhoneSimulator
		Release|x64 = Release|x64
		Release|x86 = Release|x86
	EndGlobalSection
	GlobalSection(ProjectConfigurationPlatforms) = postSolution
		{8CBB691F-7078-4420-94D6-D739F95E01AA}.Ad-Hoc|Any CPU.ActiveCfg = Release|Any CPU
		{8CBB691F-7078-4420-94D6-D739F95E01AA}.Ad-Hoc|Any CPU.Build.0 = Release|Any CPU
		{8CBB691F-7078-4420-94D6-D739F95E01AA}.Ad-Hoc|ARM.ActiveCfg = Release|Any CPU
		{8CBB691F-7078-4420-94D6-D739F95E01AA}.Ad-Hoc|ARM.Build.0 = Release|Any CPU
		{8CBB691F-7078-4420-94D6-D739F95E01AA}.Ad-Hoc|iPhone.ActiveCfg = Release|Any CPU
		{8CBB691F-7078-4420-94D6-D739F95E01AA}.Ad-Hoc|iPhone.Build.0 = Release|Any CPU
		{8CBB691F-7078-4420-94D6-D739F95E01AA}.Ad-Hoc|iPhoneSimulator.ActiveCfg = Release|Any CPU
		{8CBB691F-7078-4420-94D6-D739F95E01AA}.Ad-Hoc|iPhoneSimulator.Build.0 = Release|Any CPU
		{8CBB691F-7078-4420-94D6-D739F95E01AA}.Ad-Hoc|x64.ActiveCfg = Release|Any CPU
		{8CBB691F-7078-4420-94D6-D739F95E01AA}.Ad-Hoc|x64.Build.0 = Release|Any CPU
		{8CBB691F-7078-4420-94D6-D739F95E01AA}.Ad-Hoc|x86.ActiveCfg = Release|Any CPU
		{8CBB691F-7078-4420-94D6-D739F95E01AA}.Ad-Hoc|x86.Build.0 = Release|Any CPU
		{8CBB691F-7078-4420-94D6-D739F95E01AA}.AppStore|Any CPU.ActiveCfg = Release|Any CPU
		{8CBB691F-7078-4420-94D6-D739F95E01AA}.AppStore|Any CPU.Build.0 = Release|Any CPU
		{8CBB691F-7078-4420-94D6-D739F95E01AA}.AppStore|ARM.ActiveCfg = Release|Any CPU
		{8CBB691F-7078-4420-94D6-D739F95E01AA}.AppStore|ARM.Build.0 = Release|Any CPU
		{8CBB691F-7078-4420-94D6-D739F95E01AA}.AppStore|iPhone.ActiveCfg = Release|Any CPU
		{8CBB691F-7078-4420-94D6-D739F95E01AA}.AppStore|iPhone.Build.0 = Release|Any CPU
		{8CBB691F-7078-4420-94D6-D739F95E01AA}.AppStore|iPhoneSimulator.ActiveCfg = Release|Any CPU
		{8CBB691F-7078-4420-94D6-D739F95E01AA}.AppStore|iPhoneSimulator.Build.0 = Release|Any CPU
		{8CBB691F-7078-4420-94D6-D739F95E01AA}.AppStore|x64.ActiveCfg = Release|Any CPU
		{8CBB691F-7078-4420-94D6-D739F95E01AA}.AppStore|x64.Build.0 = Release|Any CPU
		{8CBB691F-7078-4420-94D6-D739F95E01AA}.AppStore|x86.ActiveCfg = Release|Any CPU
		{8CBB691F-7078-4420-94D6-D739F95E01AA}.AppStore|x86.Build.0 = Release|Any CPU
		{8CBB691F-7078-4420-94D6-D739F95E01AA}.Debug|Any CPU.ActiveCfg = Debug|Any CPU
		{8CBB691F-7078-4420-94D6-D739F95E01AA}.Debug|Any CPU.Build.0 = Debug|Any CPU
		{8CBB691F-7078-4420-94D6-D739F95E01AA}.Debug|ARM.ActiveCfg = Debug|Any CPU
		{8CBB691F-7078-4420-94D6-D739F95E01AA}.Debug|ARM.Build.0 = Debug|Any CPU
		{8CBB691F-7078-4420-94D6-D739F95E01AA}.Debug|iPhone.ActiveCfg = Debug|Any CPU
		{8CBB691F-7078-4420-94D6-D739F95E01AA}.Debug|iPhone.Build.0 = Debug|Any CPU
		{8CBB691F-7078-4420-94D6-D739F95E01AA}.Debug|iPhoneSimulator.ActiveCfg = Debug|Any CPU
		{8CBB691F-7078-4420-94D6-D739F95E01AA}.Debug|iPhoneSimulator.Build.0 = Debug|Any CPU
		{8CBB691F-7078-4420-94D6-D739F95E01AA}.Debug|x64.ActiveCfg = Debug|Any CPU
		{8CBB691F-7078-4420-94D6-D739F95E01AA}.Debug|x64.Build.0 = Debug|Any CPU
		{8CBB691F-7078-4420-94D6-D739F95E01AA}.Debug|x86.ActiveCfg = Debug|Any CPU
		{8CBB691F-7078-4420-94D6-D739F95E01AA}.Debug|x86.Build.0 = Debug|Any CPU
		{8CBB691F-7078-4420-94D6-D739F95E01AA}.Release|Any CPU.ActiveCfg = Release|Any CPU
		{8CBB691F-7078-4420-94D6-D739F95E01AA}.Release|Any CPU.Build.0 = Release|Any CPU
		{8CBB691F-7078-4420-94D6-D739F95E01AA}.Release|ARM.ActiveCfg = Release|Any CPU
		{8CBB691F-7078-4420-94D6-D739F95E01AA}.Release|ARM.Build.0 = Release|Any CPU
		{8CBB691F-7078-4420-94D6-D739F95E01AA}.Release|iPhone.ActiveCfg = Release|Any CPU
		{8CBB691F-7078-4420-94D6-D739F95E01AA}.Release|iPhone.Build.0 = Release|Any CPU
		{8CBB691F-7078-4420-94D6-D739F95E01AA}.Release|iPhoneSimulator.ActiveCfg = Release|Any CPU
		{8CBB691F-7078-4420-94D6-D739F95E01AA}.Release|iPhoneSimulator.Build.0 = Release|Any CPU
		{8CBB691F-7078-4420-94D6-D739F95E01AA}.Release|x64.ActiveCfg = Release|Any CPU
		{8CBB691F-7078-4420-94D6-D739F95E01AA}.Release|x64.Build.0 = Release|Any CPU
		{8CBB691F-7078-4420-94D6-D739F95E01AA}.Release|x86.ActiveCfg = Release|Any CPU
		{8CBB691F-7078-4420-94D6-D739F95E01AA}.Release|x86.Build.0 = Release|Any CPU
		{8115A9C7-D47C-4283-8F95-479A9E658F56}.Ad-Hoc|Any CPU.ActiveCfg = Release|Any CPU
		{8115A9C7-D47C-4283-8F95-479A9E658F56}.Ad-Hoc|Any CPU.Build.0 = Release|Any CPU
		{8115A9C7-D47C-4283-8F95-479A9E658F56}.Ad-Hoc|Any CPU.Deploy.0 = Release|Any CPU
		{8115A9C7-D47C-4283-8F95-479A9E658F56}.Ad-Hoc|ARM.ActiveCfg = Release|Any CPU
		{8115A9C7-D47C-4283-8F95-479A9E658F56}.Ad-Hoc|ARM.Build.0 = Release|Any CPU
		{8115A9C7-D47C-4283-8F95-479A9E658F56}.Ad-Hoc|ARM.Deploy.0 = Release|Any CPU
		{8115A9C7-D47C-4283-8F95-479A9E658F56}.Ad-Hoc|iPhone.ActiveCfg = Release|Any CPU
		{8115A9C7-D47C-4283-8F95-479A9E658F56}.Ad-Hoc|iPhone.Build.0 = Release|Any CPU
		{8115A9C7-D47C-4283-8F95-479A9E658F56}.Ad-Hoc|iPhone.Deploy.0 = Release|Any CPU
		{8115A9C7-D47C-4283-8F95-479A9E658F56}.Ad-Hoc|iPhoneSimulator.ActiveCfg = Release|Any CPU
		{8115A9C7-D47C-4283-8F95-479A9E658F56}.Ad-Hoc|iPhoneSimulator.Build.0 = Release|Any CPU
		{8115A9C7-D47C-4283-8F95-479A9E658F56}.Ad-Hoc|iPhoneSimulator.Deploy.0 = Release|Any CPU
		{8115A9C7-D47C-4283-8F95-479A9E658F56}.Ad-Hoc|x64.ActiveCfg = Release|Any CPU
		{8115A9C7-D47C-4283-8F95-479A9E658F56}.Ad-Hoc|x64.Build.0 = Release|Any CPU
		{8115A9C7-D47C-4283-8F95-479A9E658F56}.Ad-Hoc|x64.Deploy.0 = Release|Any CPU
		{8115A9C7-D47C-4283-8F95-479A9E658F56}.Ad-Hoc|x86.ActiveCfg = Release|Any CPU
		{8115A9C7-D47C-4283-8F95-479A9E658F56}.Ad-Hoc|x86.Build.0 = Release|Any CPU
		{8115A9C7-D47C-4283-8F95-479A9E658F56}.Ad-Hoc|x86.Deploy.0 = Release|Any CPU
		{8115A9C7-D47C-4283-8F95-479A9E658F56}.AppStore|Any CPU.ActiveCfg = Release|Any CPU
		{8115A9C7-D47C-4283-8F95-479A9E658F56}.AppStore|Any CPU.Build.0 = Release|Any CPU
		{8115A9C7-D47C-4283-8F95-479A9E658F56}.AppStore|Any CPU.Deploy.0 = Release|Any CPU
		{8115A9C7-D47C-4283-8F95-479A9E658F56}.AppStore|ARM.ActiveCfg = Release|Any CPU
		{8115A9C7-D47C-4283-8F95-479A9E658F56}.AppStore|ARM.Build.0 = Release|Any CPU
		{8115A9C7-D47C-4283-8F95-479A9E658F56}.AppStore|ARM.Deploy.0 = Release|Any CPU
		{8115A9C7-D47C-4283-8F95-479A9E658F56}.AppStore|iPhone.ActiveCfg = Release|Any CPU
		{8115A9C7-D47C-4283-8F95-479A9E658F56}.AppStore|iPhone.Build.0 = Release|Any CPU
		{8115A9C7-D47C-4283-8F95-479A9E658F56}.AppStore|iPhone.Deploy.0 = Release|Any CPU
		{8115A9C7-D47C-4283-8F95-479A9E658F56}.AppStore|iPhoneSimulator.ActiveCfg = Release|Any CPU
		{8115A9C7-D47C-4283-8F95-479A9E658F56}.AppStore|iPhoneSimulator.Build.0 = Release|Any CPU
		{8115A9C7-D47C-4283-8F95-479A9E658F56}.AppStore|iPhoneSimulator.Deploy.0 = Release|Any CPU
		{8115A9C7-D47C-4283-8F95-479A9E658F56}.AppStore|x64.ActiveCfg = Release|Any CPU
		{8115A9C7-D47C-4283-8F95-479A9E658F56}.AppStore|x64.Build.0 = Release|Any CPU
		{8115A9C7-D47C-4283-8F95-479A9E658F56}.AppStore|x64.Deploy.0 = Release|Any CPU
		{8115A9C7-D47C-4283-8F95-479A9E658F56}.AppStore|x86.ActiveCfg = Release|Any CPU
		{8115A9C7-D47C-4283-8F95-479A9E658F56}.AppStore|x86.Build.0 = Release|Any CPU
		{8115A9C7-D47C-4283-8F95-479A9E658F56}.AppStore|x86.Deploy.0 = Release|Any CPU
		{8115A9C7-D47C-4283-8F95-479A9E658F56}.Debug|Any CPU.ActiveCfg = Debug|Any CPU
		{8115A9C7-D47C-4283-8F95-479A9E658F56}.Debug|Any CPU.Build.0 = Debug|Any CPU
		{8115A9C7-D47C-4283-8F95-479A9E658F56}.Debug|Any CPU.Deploy.0 = Debug|Any CPU
		{8115A9C7-D47C-4283-8F95-479A9E658F56}.Debug|ARM.ActiveCfg = Debug|Any CPU
		{8115A9C7-D47C-4283-8F95-479A9E658F56}.Debug|ARM.Build.0 = Debug|Any CPU
		{8115A9C7-D47C-4283-8F95-479A9E658F56}.Debug|ARM.Deploy.0 = Debug|Any CPU
		{8115A9C7-D47C-4283-8F95-479A9E658F56}.Debug|iPhone.ActiveCfg = Debug|Any CPU
		{8115A9C7-D47C-4283-8F95-479A9E658F56}.Debug|iPhone.Build.0 = Debug|Any CPU
		{8115A9C7-D47C-4283-8F95-479A9E658F56}.Debug|iPhone.Deploy.0 = Debug|Any CPU
		{8115A9C7-D47C-4283-8F95-479A9E658F56}.Debug|iPhoneSimulator.ActiveCfg = Debug|Any CPU
		{8115A9C7-D47C-4283-8F95-479A9E658F56}.Debug|iPhoneSimulator.Build.0 = Debug|Any CPU
		{8115A9C7-D47C-4283-8F95-479A9E658F56}.Debug|iPhoneSimulator.Deploy.0 = Debug|Any CPU
		{8115A9C7-D47C-4283-8F95-479A9E658F56}.Debug|x64.ActiveCfg = Debug|Any CPU
		{8115A9C7-D47C-4283-8F95-479A9E658F56}.Debug|x64.Build.0 = Debug|Any CPU
		{8115A9C7-D47C-4283-8F95-479A9E658F56}.Debug|x64.Deploy.0 = Debug|Any CPU
		{8115A9C7-D47C-4283-8F95-479A9E658F56}.Debug|x86.ActiveCfg = Debug|Any CPU
		{8115A9C7-D47C-4283-8F95-479A9E658F56}.Debug|x86.Build.0 = Debug|Any CPU
		{8115A9C7-D47C-4283-8F95-479A9E658F56}.Debug|x86.Deploy.0 = Debug|Any CPU
		{8115A9C7-D47C-4283-8F95-479A9E658F56}.Release|Any CPU.ActiveCfg = Release|Any CPU
		{8115A9C7-D47C-4283-8F95-479A9E658F56}.Release|Any CPU.Build.0 = Release|Any CPU
		{8115A9C7-D47C-4283-8F95-479A9E658F56}.Release|Any CPU.Deploy.0 = Release|Any CPU
		{8115A9C7-D47C-4283-8F95-479A9E658F56}.Release|ARM.ActiveCfg = Release|Any CPU
		{8115A9C7-D47C-4283-8F95-479A9E658F56}.Release|ARM.Build.0 = Release|Any CPU
		{8115A9C7-D47C-4283-8F95-479A9E658F56}.Release|ARM.Deploy.0 = Release|Any CPU
		{8115A9C7-D47C-4283-8F95-479A9E658F56}.Release|iPhone.ActiveCfg = Release|Any CPU
		{8115A9C7-D47C-4283-8F95-479A9E658F56}.Release|iPhone.Build.0 = Release|Any CPU
		{8115A9C7-D47C-4283-8F95-479A9E658F56}.Release|iPhone.Deploy.0 = Release|Any CPU
		{8115A9C7-D47C-4283-8F95-479A9E658F56}.Release|iPhoneSimulator.ActiveCfg = Release|Any CPU
		{8115A9C7-D47C-4283-8F95-479A9E658F56}.Release|iPhoneSimulator.Build.0 = Release|Any CPU
		{8115A9C7-D47C-4283-8F95-479A9E658F56}.Release|iPhoneSimulator.Deploy.0 = Release|Any CPU
		{8115A9C7-D47C-4283-8F95-479A9E658F56}.Release|x64.ActiveCfg = Release|Any CPU
		{8115A9C7-D47C-4283-8F95-479A9E658F56}.Release|x64.Build.0 = Release|Any CPU
		{8115A9C7-D47C-4283-8F95-479A9E658F56}.Release|x64.Deploy.0 = Release|Any CPU
		{8115A9C7-D47C-4283-8F95-479A9E658F56}.Release|x86.ActiveCfg = Release|Any CPU
		{8115A9C7-D47C-4283-8F95-479A9E658F56}.Release|x86.Build.0 = Release|Any CPU
		{8115A9C7-D47C-4283-8F95-479A9E658F56}.Release|x86.Deploy.0 = Release|Any CPU
		{837E3DC0-3E44-434B-8C37-2B7B2675820B}.Ad-Hoc|Any CPU.ActiveCfg = Ad-Hoc|iPhone
		{837E3DC0-3E44-434B-8C37-2B7B2675820B}.Ad-Hoc|ARM.ActiveCfg = Ad-Hoc|iPhone
		{837E3DC0-3E44-434B-8C37-2B7B2675820B}.Ad-Hoc|iPhone.ActiveCfg = Ad-Hoc|iPhone
		{837E3DC0-3E44-434B-8C37-2B7B2675820B}.Ad-Hoc|iPhone.Build.0 = Ad-Hoc|iPhone
		{837E3DC0-3E44-434B-8C37-2B7B2675820B}.Ad-Hoc|iPhoneSimulator.ActiveCfg = Ad-Hoc|iPhoneSimulator
		{837E3DC0-3E44-434B-8C37-2B7B2675820B}.Ad-Hoc|iPhoneSimulator.Build.0 = Ad-Hoc|iPhoneSimulator
		{837E3DC0-3E44-434B-8C37-2B7B2675820B}.Ad-Hoc|x64.ActiveCfg = Ad-Hoc|iPhone
		{837E3DC0-3E44-434B-8C37-2B7B2675820B}.Ad-Hoc|x86.ActiveCfg = Ad-Hoc|iPhone
		{837E3DC0-3E44-434B-8C37-2B7B2675820B}.AppStore|Any CPU.ActiveCfg = AppStore|iPhone
		{837E3DC0-3E44-434B-8C37-2B7B2675820B}.AppStore|ARM.ActiveCfg = AppStore|iPhone
		{837E3DC0-3E44-434B-8C37-2B7B2675820B}.AppStore|iPhone.ActiveCfg = AppStore|iPhone
		{837E3DC0-3E44-434B-8C37-2B7B2675820B}.AppStore|iPhone.Build.0 = AppStore|iPhone
		{837E3DC0-3E44-434B-8C37-2B7B2675820B}.AppStore|iPhoneSimulator.ActiveCfg = AppStore|iPhoneSimulator
		{837E3DC0-3E44-434B-8C37-2B7B2675820B}.AppStore|iPhoneSimulator.Build.0 = AppStore|iPhoneSimulator
		{837E3DC0-3E44-434B-8C37-2B7B2675820B}.AppStore|x64.ActiveCfg = AppStore|iPhone
		{837E3DC0-3E44-434B-8C37-2B7B2675820B}.AppStore|x86.ActiveCfg = AppStore|iPhone
		{837E3DC0-3E44-434B-8C37-2B7B2675820B}.Debug|Any CPU.ActiveCfg = Debug|iPhone
		{837E3DC0-3E44-434B-8C37-2B7B2675820B}.Debug|ARM.ActiveCfg = Debug|iPhone
		{837E3DC0-3E44-434B-8C37-2B7B2675820B}.Debug|iPhone.ActiveCfg = Debug|iPhone
		{837E3DC0-3E44-434B-8C37-2B7B2675820B}.Debug|iPhone.Build.0 = Debug|iPhone
		{837E3DC0-3E44-434B-8C37-2B7B2675820B}.Debug|iPhoneSimulator.ActiveCfg = Debug|iPhoneSimulator
		{837E3DC0-3E44-434B-8C37-2B7B2675820B}.Debug|iPhoneSimulator.Build.0 = Debug|iPhoneSimulator
		{837E3DC0-3E44-434B-8C37-2B7B2675820B}.Debug|x64.ActiveCfg = Debug|iPhone
		{837E3DC0-3E44-434B-8C37-2B7B2675820B}.Debug|x86.ActiveCfg = Debug|iPhone
		{837E3DC0-3E44-434B-8C37-2B7B2675820B}.Release|Any CPU.ActiveCfg = Release|iPhone
		{837E3DC0-3E44-434B-8C37-2B7B2675820B}.Release|ARM.ActiveCfg = Release|iPhone
		{837E3DC0-3E44-434B-8C37-2B7B2675820B}.Release|iPhone.ActiveCfg = Release|iPhone
		{837E3DC0-3E44-434B-8C37-2B7B2675820B}.Release|iPhone.Build.0 = Release|iPhone
		{837E3DC0-3E44-434B-8C37-2B7B2675820B}.Release|iPhoneSimulator.ActiveCfg = Release|iPhoneSimulator
		{837E3DC0-3E44-434B-8C37-2B7B2675820B}.Release|iPhoneSimulator.Build.0 = Release|iPhoneSimulator
		{837E3DC0-3E44-434B-8C37-2B7B2675820B}.Release|x64.ActiveCfg = Release|iPhone
		{837E3DC0-3E44-434B-8C37-2B7B2675820B}.Release|x86.ActiveCfg = Release|iPhone
	EndGlobalSection
	GlobalSection(SolutionProperties) = preSolution
		HideSolutionNode = FALSE
	EndGlobalSection
EndGlobal
